
Microsoft Visual Studio Solution File, Format Version 12.00
# Visual Studio Version 16
VisualStudioVersion = 16.0.30907.101
MinimumVisualStudioVersion = 10.0.40219.1
Project("{2150E333-8FDC-42A3-9474-1A3956D46DE8}") = "Menu", "Menu", "{907286F2-A53E-4056-8586-F2046834E187}"
EndProject
Project("{2150E333-8FDC-42A3-9474-1A3956D46DE8}") = "ListBox", "ListBox", "{D4966565-8570-4E49-A7AA-C44091CBAE91}"
EndProject
Project("{2150E333-8FDC-42A3-9474-1A3956D46DE8}") = "CustomElement", "CustomElement", "{950F80F5-4DF8-40AD-A5AE-4A7455F698AD}"
EndProject
Project("{2150E333-8FDC-42A3-9474-1A3956D46DE8}") = "CustomPanel", "CustomPanel", "{2E5522E5-F0E3-4E53-B0C8-4D5EE061CCD2}"
EndProject
Project("{2150E333-8FDC-42A3-9474-1A3956D46DE8}") = "RoutedInputEvents", "RoutedInputEvents", "{1C2B0437-3F0E-4911-8B8B-B529CB0BA86E}"
EndProject
Project("{2150E333-8FDC-42A3-9474-1A3956D46DE8}") = "DependencyProperty", "DependencyProperty", "{BF9BABEB-80B6-4ABC-8CDF-838C72EA5A3C}"
EndProject
Project("{2150E333-8FDC-42A3-9474-1A3956D46DE8}") = "Panels", "Panels", "{0591C211-7E82-47A2-8F36-62E5DFFBB1DF}"
EndProject
Project("{2150E333-8FDC-42A3-9474-1A3956D46DE8}") = "ToolBar", "ToolBar", "{31E15D19-2E34-4B23-BB9D-6EB3A80A19C7}"
EndProject
Project("{2150E333-8FDC-42A3-9474-1A3956D46DE8}") = "TreeView", "TreeView", "{9A72A565-3512-476E-B46A-0EC3567D8FB6}"
EndProject
Project("{2150E333-8FDC-42A3-9474-1A3956D46DE8}") = "ListView", "ListView", "{645EDE6B-1D26-4AD6-A8A9-923E22ECF7FE}"
EndProject
Project("{2150E333-8FDC-42A3-9474-1A3956D46DE8}") = "Print", "Print", "{CA68116D-F760-4304-9DFF-F9910994FCEB}"
EndProject
Project("{FAE04EC0-301F-11D3-BF4B-00C04F79EFBC}") = "ThePanel", "Panels\ThePanel\ThePanel.csproj", "{FC73E273-201B-4D8F-BD7A-F0E6C931563A}"
EndProject
Project("{FAE04EC0-301F-11D3-BF4B-00C04F79EFBC}") = "PlayJeeDeTacquin", "Panels\PlayJeeDeTacquin\PlayJeeDeTacquin.csproj", "{845FB6B8-2AE7-422E-B199-CE89DB1EA90B}"
EndProject
Project("{FAE04EC0-301F-11D3-BF4B-00C04F79EFBC}") = "ChooseFont", "Print\ChooseFont\ChooseFont.csproj", "{346146DA-0D06-4202-B45F-7E2751984056}"
EndProject
Project("{FAE04EC0-301F-11D3-BF4B-00C04F79EFBC}") = "PrintBanner", "Print\PrintBanner\PrintBanner.csproj", "{B9B5EDA7-F3F0-4565-AB14-786D291224C4}"
EndProject
Project("{FAE04EC0-301F-11D3-BF4B-00C04F79EFBC}") = "PrintSimple", "Print\PrintSimple\PrintSimple.csproj", "{33DB6B28-209C-433E-88DC-7A8407F34457}"
EndProject
Project("{FAE04EC0-301F-11D3-BF4B-00C04F79EFBC}") = "PrintWithMargins", "Print\PrintWithMargins\PrintWithMargins.csproj", "{51F1BB0A-66ED-47BE-8B81-89C0BEF2A754}"
EndProject
Project("{FAE04EC0-301F-11D3-BF4B-00C04F79EFBC}") = "CalculateInHex", "CustomElement\CalculateInHex\CalculateInHex.csproj", "{EF5E23DA-2BEF-46A0-9E4F-80054D7B93BF}"
EndProject
Project("{FAE04EC0-301F-11D3-BF4B-00C04F79EFBC}") = "RenderTheGraphic", "CustomElement\RenderTheGraphic\RenderTheGraphic.csproj", "{A8A13D56-7D21-4096-A30A-E8B02513DFC4}"
EndProject
Project("{FAE04EC0-301F-11D3-BF4B-00C04F79EFBC}") = "CircleTheButtons", "CustomPanel\CircleTheButtons\CircleTheButtons.csproj", "{80DB60C9-CD29-49D8-8921-FA1A3AFAF982}"
EndProject
Project("{FAE04EC0-301F-11D3-BF4B-00C04F79EFBC}") = "DiagonalizeTheButtons", "CustomPanel\DiagonalizeTheButtons\DiagonalizeTheButtons.csproj", "{2A1A571F-2CA2-43A9-BD2D-CB25A4E5234C}"
EndProject
Project("{FAE04EC0-301F-11D3-BF4B-00C04F79EFBC}") = "DuplicateCanvas", "CustomPanel\DuplicateCanvas\DuplicateCanvas.csproj", "{AF2478E6-329F-4A4C-B1F5-B905E1ED1089}"
EndProject
Project("{FAE04EC0-301F-11D3-BF4B-00C04F79EFBC}") = "DuplicateUniformGrid", "CustomPanel\UniformGridAlmost\DuplicateUniformGrid.csproj", "{EB45F4E4-CE7D-47D5-B5C9-7E47968845E7}"
EndProject
Project("{FAE04EC0-301F-11D3-BF4B-00C04F79EFBC}") = "DependencyPro", "DependencyProperty\DependencyPro\DependencyPro.csproj", "{F6FD19AC-1D52-4824-B98B-1B2C3386E423}"
EndProject
Project("{FAE04EC0-301F-11D3-BF4B-00C04F79EFBC}") = "ListColorNames", "ListBox\ListColorNames\ListColorNames.csproj", "{06325ED2-E593-4DE6-B33A-7278341DDE2A}"
EndProject
Project("{FAE04EC0-301F-11D3-BF4B-00C04F79EFBC}") = "SelectColor", "ListBox\SelectColor\SelectColor.csproj", "{98E1C380-91E7-4839-94B8-187B6E9A471C}"
EndProject
Project("{FAE04EC0-301F-11D3-BF4B-00C04F79EFBC}") = "SelectColorFromGrid", "ListBox\SelectColorFromGrid\SelectColorFromGrid.csproj", "{725154BE-BF41-4458-8450-3F57308399F3}"
EndProject
Project("{FAE04EC0-301F-11D3-BF4B-00C04F79EFBC}") = "SelectColorFromWheel", "ListBox\SelectColorFromWheel\SelectColorFromWheel.csproj", "{87A010C3-E717-4442-8660-7C6F64545160}"
EndProject
Project("{FAE04EC0-301F-11D3-BF4B-00C04F79EFBC}") = "ExploreDependencyProperties", "ListView\ExploreDependencyProperties\ExploreDependencyProperties.csproj", "{4F9CD756-F416-4B08-8D69-808B51C805CA}"
EndProject
Project("{FAE04EC0-301F-11D3-BF4B-00C04F79EFBC}") = "ListSystemParameters", "ListView\ListSystemParameters\ListSystemParameters.csproj", "{BDEA3773-7C7F-41B1-9777-C790272579B5}"
EndProject
Project("{FAE04EC0-301F-11D3-BF4B-00C04F79EFBC}") = "CommandTheMenu", "Menu\CommandTheMenu\CommandTheMenu.csproj", "{63D1AA7A-EBD2-4978-B5F0-14EACB9F9276}"
EndProject
Project("{FAE04EC0-301F-11D3-BF4B-00C04F79EFBC}") = "PeruseTheMenu", "Menu\PeruseTheMenu\PeruseTheMenu.csproj", "{B2BD9382-34FB-404D-A10D-E28A8BA5AD41}"
EndProject
Project("{FAE04EC0-301F-11D3-BF4B-00C04F79EFBC}") = "PopupContextMenu", "Menu\PopupContextMenu\PopupContextMenu.csproj", "{06C28B50-635E-4C22-A8B8-7D7636D323AD}"
EndProject
Project("{FAE04EC0-301F-11D3-BF4B-00C04F79EFBC}") = "DrawCircles", "RoutedInputEvents\DrawCircles\DrawCircles.csproj", "{FCB3C2A9-F436-43F5-96BD-F9EF8B4B6386}"
EndProject
Project("{FAE04EC0-301F-11D3-BF4B-00C04F79EFBC}") = "ExamineKeystrokes", "RoutedInputEvents\ExamineKeystrokes\ExamineKeystrokes.csproj", "{055595C1-E655-40B3-938D-DF45A3E383FC}"
EndProject
Project("{FAE04EC0-301F-11D3-BF4B-00C04F79EFBC}") = "ExamineRoutedEvents", "RoutedInputEvents\ExamineRoutedEvents\ExamineRoutedEvents.csproj", "{27AE57A4-6B64-4FC2-93AC-DD237E9B1ED0}"
EndProject
Project("{FAE04EC0-301F-11D3-BF4B-00C04F79EFBC}") = "CraftTheToolbar", "Toolbar\CraftTheToolbar\CraftTheToolbar.csproj", "{12855522-6836-4864-9365-7B821BF3A802}"
EndProject
Project("{FAE04EC0-301F-11D3-BF4B-00C04F79EFBC}") = "FormatRichText", "Toolbar\FormatRichText\FormatRichText.csproj", "{79521A0D-D3CB-4F75-B8FE-63C9A6CAB6EF}"
EndProject
Project("{FAE04EC0-301F-11D3-BF4B-00C04F79EFBC}") = "MoveTheToolbar", "Toolbar\MoveTheToolbar\MoveTheToolbar.csproj", "{8B29E95B-C97A-46F2-BF76-F59D06D0B27D}"
EndProject
Project("{FAE04EC0-301F-11D3-BF4B-00C04F79EFBC}") = "ManuallyPopulateTreeView", "TreeView\ManuallyPopulateTreeView\ManuallyPopulateTreeView.csproj", "{BD7A127F-A393-44F1-A314-01DDB8279890}"
EndProject
Project("{FAE04EC0-301F-11D3-BF4B-00C04F79EFBC}") = "TemplateTreeView", "TreeView\TemplateTreeView\TemplateTreeView.csproj", "{C874169D-089B-4B65-B371-2AC980B8AB6E}"
EndProject
Project("{2150E333-8FDC-42A3-9474-1A3956D46DE8}") = "HiWPF", "HiWPF", "{4EC68576-348E-47BF-B52E-BBFFD438B85E}"
EndProject
Project("{FAE04EC0-301F-11D3-BF4B-00C04F79EFBC}") = "MedievalButton", "HiWPF\MedievalButton\MedievalButton.csproj", "{F5B232A7-B210-4249-B02D-BE791875872D}"
EndProject
Project("{FAE04EC0-301F-11D3-BF4B-00C04F79EFBC}") = "MouseFollow", "HiWPF\MouseFollow\MouseFollow.csproj", "{9A21FC05-086F-4380-8863-47F45B01621F}"
EndProject
Project("{FAE04EC0-301F-11D3-BF4B-00C04F79EFBC}") = "TheBrush", "HiWPF\TheBrush\TheBrush.csproj", "{B04E00BC-A97A-4121-8A90-3DA13C29416C}"
EndProject
Project("{FAE04EC0-301F-11D3-BF4B-00C04F79EFBC}") = "TheButton", "HiWPF\TheButton\TheButton.csproj", "{9474DDDA-4ECB-4E0F-AA4D-A5552023069D}"
EndProject
Project("{FAE04EC0-301F-11D3-BF4B-00C04F79EFBC}") = "TheContent", "HiWPF\TheContent\TheContent.csproj", "{01EFE467-CFD7-43D0-8333-CDF58444EDD5}"
EndProject
Project("{FAE04EC0-301F-11D3-BF4B-00C04F79EFBC}") = "ColorScroll", "HiWPF\ColorScroll\ColorScroll.csproj", "{9C8C7FA0-27D5-4C3C-A6A2-F22C38A14B46}"
EndProject
Project("{2150E333-8FDC-42A3-9474-1A3956D46DE8}") = "CustomControl", "CustomControl", "{A364474A-4EBA-4310-80E8-3029CD0A88F0}"
EndProject
Project("{FAE04EC0-301F-11D3-BF4B-00C04F79EFBC}") = "CustomControls", "CustomControl\CustomControls\CustomControls.csproj", "{A0DC9BF7-F33D-4484-9740-B3DDF4EA24E4}"
EndProject
Project("{FAE04EC0-301F-11D3-BF4B-00C04F79EFBC}") = "FirstWPF", "HiWPF\FirstWPF\FirstWPF.csproj", "{F4233D38-67DC-49AD-AA5B-F7C8FE1225EB}"
EndProject
Project("{FAE04EC0-301F-11D3-BF4B-00C04F79EFBC}") = "NotepadClone", "HiWPF\NotedpadClone\NotepadClone.csproj", "{794CE1F1-2C87-4134-9F92-714CBB24C6BC}"
EndProject
Project("{2150E333-8FDC-42A3-9474-1A3956D46DE8}") = "XAML", "XAML", "{3F13213B-2567-4BE6-B690-523F6200C3DB}"
EndProject
Project("{FAE04EC0-301F-11D3-BF4B-00C04F79EFBC}") = "CompileXamlOnly", "XAML\CompileXamlOnly\CompileXamlOnly.csproj", "{F8F08618-23FA-4C6B-A61D-A14BC6A391A1}"
EndProject
Project("{FAE04EC0-301F-11D3-BF4B-00C04F79EFBC}") = "CompileXamlWindow", "XAML\CompileXamlWindow\CompileXamlWindow.csproj", "{D3EBB9D6-2F3D-4038-AA9E-EBCA170D294F}"
EndProject
Project("{FAE04EC0-301F-11D3-BF4B-00C04F79EFBC}") = "LoadEmbeddedXaml", "XAML\LoadEmbeddedXaml\LoadEmbeddedXaml.csproj", "{7F1BE25C-965B-4A14-9898-CDE1C1CE433C}"
EndProject
Project("{FAE04EC0-301F-11D3-BF4B-00C04F79EFBC}") = "LoadXamlFile", "XAML\LoadXamlFile\LoadXamlFile.csproj", "{EB895721-9FC8-4AC6-86BC-F945D5E58A95}"
EndProject
Project("{FAE04EC0-301F-11D3-BF4B-00C04F79EFBC}") = "XamlCruncher", "HiWPF\XamlCruncher\XamlCruncher.csproj", "{4EC9A943-0B97-4E84-B2DE-63973FA10C6C}"
EndProject
Project("{FAE04EC0-301F-11D3-BF4B-00C04F79EFBC}") = "FivePointedStar", "XAML\FivePointedStar\FivePointedStar.csproj", "{FA4CCCEF-9D4A-4A90-BE1D-B2BBAFFEA53F}"
EndProject
Project("{FAE04EC0-301F-11D3-BF4B-00C04F79EFBC}") = "DumpContentPropertyAttributes", "XAML\DumpContentPropertyAttributes\DumpContentPropertyAttributes.csproj", "{9367D08C-2996-459C-B085-41C8BACD7BDA}"
EndProject
Project("{2150E333-8FDC-42A3-9474-1A3956D46DE8}") = "XAML-Resource", "XAML-Resource", "{EE74264B-281B-4CBE-B178-A29122BFDF0D}"
EndProject
Project("{FAE04EC0-301F-11D3-BF4B-00C04F79EFBC}") = "DynamicResource", "XAML-Resource\DynamicResource\DynamicResource.csproj", "{F213ACC5-D2DA-4732-8E43-5E5806091702}"
EndProject
Project("{FAE04EC0-301F-11D3-BF4B-00C04F79EFBC}") = "GradientBrusheResource", "XAML-Resource\GradientBrusheResource\GradientBrusheResource.csproj", "{E1DE33E8-710C-4564-A0E2-0F4B589BE584}"
EndProject
Project("{FAE04EC0-301F-11D3-BF4B-00C04F79EFBC}") = "ResourceLookUp", "XAML-Resource\ResourceLookUp\ResourceLookUp.csproj", "{F7B6B0BE-B089-4FD3-88D8-1513752DC938}"
EndProject
Project("{FAE04EC0-301F-11D3-BF4B-00C04F79EFBC}") = "YellowPad", "HiWPF\YellowPad\YellowPad.csproj", "{AEE6645A-1D62-47A2-A6E2-108F562EDDD5}"
EndProject
Project("{2150E333-8FDC-42A3-9474-1A3956D46DE8}") = "PageNavigation", "PageNavigation", "{A1852D7B-B1B0-4202-B132-B1F5B28D301C}"
EndProject
Project("{FAE04EC0-301F-11D3-BF4B-00C04F79EFBC}") = "BookReader", "PageNavigation\BookReader\BookReader.csproj", "{2D28B32A-E614-47EA-86C0-E10DB6B6A160}"
EndProject
Project("{FAE04EC0-301F-11D3-BF4B-00C04F79EFBC}") = "ComputerDatingWizard", "PageNavigation\ComputerDatingWizard\ComputerDatingWizard.csproj", "{66DD004E-8269-4824-A82F-8762734A9DF9}"
EndProject
Project("{FAE04EC0-301F-11D3-BF4B-00C04F79EFBC}") = "JeuDeTacquin", "PageNavigation\JeuDeTacquin\JeuDeTacquin.csproj", "{60A5317B-0023-4432-8E37-B1BB5DAFBB89}"
EndProject
Project("{FAE04EC0-301F-11D3-BF4B-00C04F79EFBC}") = "NavigationDemoApp", "PageNavigation\NavigationDemoApp\NavigationDemoApp.csproj", "{12D9893E-9FCF-4459-B622-5E7A2B019BB2}"
EndProject
Project("{2150E333-8FDC-42A3-9474-1A3956D46DE8}") = "Binding", "Binding", "{7BF1F5E4-EE76-428A-983D-4B5A971C9AE6}"
EndProject
Project("{FAE04EC0-301F-11D3-BF4B-00C04F79EFBC}") = "BindLabelToScrollBar", "Binding\BindLabelToScrollBar\BindLabelToScrollBar.csproj", "{2172C21D-F7A4-4AD6-9366-3772F33977DF}"
EndProject
Project("{FAE04EC0-301F-11D3-BF4B-00C04F79EFBC}") = "ColorScroll", "Binding\ColorScroll\ColorScroll.csproj", "{70AEAACD-84D7-441E-80BE-6E2EFC34B3CB}"
EndProject
Project("{FAE04EC0-301F-11D3-BF4B-00C04F79EFBC}") = "CustomElementBinding", "Binding\CustomElementBinding\CustomElementBinding.csproj", "{3467E458-4EFC-4673-9A71-A9A8D630DC9E}"
EndProject
Project("{FAE04EC0-301F-11D3-BF4B-00C04F79EFBC}") = "DigitalClock", "Binding\DigitalClock\DigitalClock.csproj", "{EEA6A624-C2A7-488C-BBBA-60FFE785CC5C}"
EndProject
Project("{FAE04EC0-301F-11D3-BF4B-00C04F79EFBC}") = "RelativeSourceDemo", "Binding\RelativeSourceDemo\RelativeSourceDemo.csproj", "{F127B60F-BD4E-4B81-9DA2-2819959030C3}"
EndProject
Project("{2150E333-8FDC-42A3-9474-1A3956D46DE8}") = "Style", "Style", "{DE6C6D76-7453-4D2D-B268-7DE6BA7EA439}"
EndProject
Project("{FAE04EC0-301F-11D3-BF4B-00C04F79EFBC}") = "StyleWithMultipleElements", "Style\StyleWithMultipleElements\StyleWithMultipleElements.csproj", "{332BE68C-26C6-4BE3-9105-F44584B52158}"
EndProject
Project("{FAE04EC0-301F-11D3-BF4B-00C04F79EFBC}") = "SetterWithBinding", "Style\SetterWithBinding\SetterWithBinding.csproj", "{58632F34-6AB4-4DBD-BE90-7D5306C95ABF}"
EndProject
Project("{2150E333-8FDC-42A3-9474-1A3956D46DE8}") = "Templates", "Templates", "{BDAB8945-A638-4BFF-B976-E40559C27722}"
EndProject
Project("{FAE04EC0-301F-11D3-BF4B-00C04F79EFBC}") = "HelpDocument", "Templates\HelpDocument\HelpDocument.csproj", "{3A3F16EE-B45A-4048-A897-4DBA6D8B285F}"
EndProject
Project("{FAE04EC0-301F-11D3-BF4B-00C04F79EFBC}") = "ElementWithTemplate", "Templates\ElementWithTemplate\ElementWithTemplate.csproj", "{10831B31-C5F6-44CE-A0BE-C05499ABD308}"
EndProject
Project("{FAE04EC0-301F-11D3-BF4B-00C04F79EFBC}") = "DumpControlTemplate", "Templates\DumpControlTemplate\DumpControlTemplate.csproj", "{644399AE-ADE7-45CF-8537-D20B62DE26BF}"
EndProject
Project("{FAE04EC0-301F-11D3-BF4B-00C04F79EFBC}") = "BuildButtonFactory", "Templates\BuildButtonFactory\BuildButtonFactory.csproj", "{40C1AFFE-7E65-4871-AB8B-E1A60FB4AAD4}"
EndProject
Project("{2150E333-8FDC-42A3-9474-1A3956D46DE8}") = "DataEntryDemo", "DataEntryDemo", "{E8EA2D16-6A53-48BF-9508-D92087A33CFD}"
EndProject
Project("{FAE04EC0-301F-11D3-BF4B-00C04F79EFBC}") = "DataEntryDemo", "DataEntryDemo\DataEntryDemo.csproj", "{54D2F20A-11EB-42EA-9151-3EB76CEF048D}"
EndProject
Project("{2150E333-8FDC-42A3-9474-1A3956D46DE8}") = "GraphicalShapes", "GraphicalShapes", "{89327CCF-0E71-4620-90E1-DBB047667917}"
EndProject
Project("{2150E333-8FDC-42A3-9474-1A3956D46DE8}") = "GeometriesAndPaths", "GeometriesAndPaths", "{56E17ACE-6FD8-4823-8FE2-F67404B55888}"
EndProject
Project("{FAE04EC0-301F-11D3-BF4B-00C04F79EFBC}") = "GeometriesAndPaths", "GeometriesAndPaths\GeometriesAndPaths\GeometriesAndPaths.csproj", "{BEE4C332-D6DA-44C5-B6D7-159CBBD591E1}"
EndProject
Project("{FAE04EC0-301F-11D3-BF4B-00C04F79EFBC}") = "TextGeometryDemo", "GeometriesAndPaths\TextGeometryDemo\TextGeometryDemo.csproj", "{ADC115C7-9D76-4C9C-BBBD-A4F6E966651D}"
EndProject
Project("{FAE04EC0-301F-11D3-BF4B-00C04F79EFBC}") = "GraphicalShapes", "GraphicalShapes\GraphicalShapes\GraphicalShapes.csproj", "{5FB829C6-4EC7-4F4E-ABE6-5C67A8911C4F}"
EndProject
Project("{2150E333-8FDC-42A3-9474-1A3956D46DE8}") = "GraphicsTransforms", "GraphicsTransforms", "{20238F8C-CCE0-45D6-A635-376867D8BD6C}"
EndProject
Project("{FAE04EC0-301F-11D3-BF4B-00C04F79EFBC}") = "GraphicsTransforms", "GraphicsTransforms\GraphicsTransforms\GraphicsTransforms.csproj", "{811315E7-395C-4F92-966D-4FC6A7D0EF23}"
EndProject
Global
	GlobalSection(SolutionConfigurationPlatforms) = preSolution
		Debug|Any CPU = Debug|Any CPU
		Release|Any CPU = Release|Any CPU
	EndGlobalSection
	GlobalSection(ProjectConfigurationPlatforms) = postSolution
		{FC73E273-201B-4D8F-BD7A-F0E6C931563A}.Debug|Any CPU.ActiveCfg = Debug|Any CPU
		{FC73E273-201B-4D8F-BD7A-F0E6C931563A}.Debug|Any CPU.Build.0 = Debug|Any CPU
		{FC73E273-201B-4D8F-BD7A-F0E6C931563A}.Release|Any CPU.ActiveCfg = Release|Any CPU
		{FC73E273-201B-4D8F-BD7A-F0E6C931563A}.Release|Any CPU.Build.0 = Release|Any CPU
		{845FB6B8-2AE7-422E-B199-CE89DB1EA90B}.Debug|Any CPU.ActiveCfg = Debug|Any CPU
		{845FB6B8-2AE7-422E-B199-CE89DB1EA90B}.Debug|Any CPU.Build.0 = Debug|Any CPU
		{845FB6B8-2AE7-422E-B199-CE89DB1EA90B}.Release|Any CPU.ActiveCfg = Release|Any CPU
		{845FB6B8-2AE7-422E-B199-CE89DB1EA90B}.Release|Any CPU.Build.0 = Release|Any CPU
		{346146DA-0D06-4202-B45F-7E2751984056}.Debug|Any CPU.ActiveCfg = Debug|Any CPU
		{346146DA-0D06-4202-B45F-7E2751984056}.Debug|Any CPU.Build.0 = Debug|Any CPU
		{346146DA-0D06-4202-B45F-7E2751984056}.Release|Any CPU.ActiveCfg = Release|Any CPU
		{346146DA-0D06-4202-B45F-7E2751984056}.Release|Any CPU.Build.0 = Release|Any CPU
		{B9B5EDA7-F3F0-4565-AB14-786D291224C4}.Debug|Any CPU.ActiveCfg = Debug|Any CPU
		{B9B5EDA7-F3F0-4565-AB14-786D291224C4}.Debug|Any CPU.Build.0 = Debug|Any CPU
		{B9B5EDA7-F3F0-4565-AB14-786D291224C4}.Release|Any CPU.ActiveCfg = Release|Any CPU
		{B9B5EDA7-F3F0-4565-AB14-786D291224C4}.Release|Any CPU.Build.0 = Release|Any CPU
		{33DB6B28-209C-433E-88DC-7A8407F34457}.Debug|Any CPU.ActiveCfg = Debug|Any CPU
		{33DB6B28-209C-433E-88DC-7A8407F34457}.Debug|Any CPU.Build.0 = Debug|Any CPU
		{33DB6B28-209C-433E-88DC-7A8407F34457}.Release|Any CPU.ActiveCfg = Release|Any CPU
		{33DB6B28-209C-433E-88DC-7A8407F34457}.Release|Any CPU.Build.0 = Release|Any CPU
		{51F1BB0A-66ED-47BE-8B81-89C0BEF2A754}.Debug|Any CPU.ActiveCfg = Debug|Any CPU
		{51F1BB0A-66ED-47BE-8B81-89C0BEF2A754}.Debug|Any CPU.Build.0 = Debug|Any CPU
		{51F1BB0A-66ED-47BE-8B81-89C0BEF2A754}.Release|Any CPU.ActiveCfg = Release|Any CPU
		{51F1BB0A-66ED-47BE-8B81-89C0BEF2A754}.Release|Any CPU.Build.0 = Release|Any CPU
		{EF5E23DA-2BEF-46A0-9E4F-80054D7B93BF}.Debug|Any CPU.ActiveCfg = Debug|Any CPU
		{EF5E23DA-2BEF-46A0-9E4F-80054D7B93BF}.Debug|Any CPU.Build.0 = Debug|Any CPU
		{EF5E23DA-2BEF-46A0-9E4F-80054D7B93BF}.Release|Any CPU.ActiveCfg = Release|Any CPU
		{EF5E23DA-2BEF-46A0-9E4F-80054D7B93BF}.Release|Any CPU.Build.0 = Release|Any CPU
		{A8A13D56-7D21-4096-A30A-E8B02513DFC4}.Debug|Any CPU.ActiveCfg = Debug|Any CPU
		{A8A13D56-7D21-4096-A30A-E8B02513DFC4}.Debug|Any CPU.Build.0 = Debug|Any CPU
		{A8A13D56-7D21-4096-A30A-E8B02513DFC4}.Release|Any CPU.ActiveCfg = Release|Any CPU
		{A8A13D56-7D21-4096-A30A-E8B02513DFC4}.Release|Any CPU.Build.0 = Release|Any CPU
		{80DB60C9-CD29-49D8-8921-FA1A3AFAF982}.Debug|Any CPU.ActiveCfg = Debug|Any CPU
		{80DB60C9-CD29-49D8-8921-FA1A3AFAF982}.Debug|Any CPU.Build.0 = Debug|Any CPU
		{80DB60C9-CD29-49D8-8921-FA1A3AFAF982}.Release|Any CPU.ActiveCfg = Release|Any CPU
		{80DB60C9-CD29-49D8-8921-FA1A3AFAF982}.Release|Any CPU.Build.0 = Release|Any CPU
		{2A1A571F-2CA2-43A9-BD2D-CB25A4E5234C}.Debug|Any CPU.ActiveCfg = Debug|Any CPU
		{2A1A571F-2CA2-43A9-BD2D-CB25A4E5234C}.Debug|Any CPU.Build.0 = Debug|Any CPU
		{2A1A571F-2CA2-43A9-BD2D-CB25A4E5234C}.Release|Any CPU.ActiveCfg = Release|Any CPU
		{2A1A571F-2CA2-43A9-BD2D-CB25A4E5234C}.Release|Any CPU.Build.0 = Release|Any CPU
		{AF2478E6-329F-4A4C-B1F5-B905E1ED1089}.Debug|Any CPU.ActiveCfg = Debug|Any CPU
		{AF2478E6-329F-4A4C-B1F5-B905E1ED1089}.Debug|Any CPU.Build.0 = Debug|Any CPU
		{AF2478E6-329F-4A4C-B1F5-B905E1ED1089}.Release|Any CPU.ActiveCfg = Release|Any CPU
		{AF2478E6-329F-4A4C-B1F5-B905E1ED1089}.Release|Any CPU.Build.0 = Release|Any CPU
		{EB45F4E4-CE7D-47D5-B5C9-7E47968845E7}.Debug|Any CPU.ActiveCfg = Debug|Any CPU
		{EB45F4E4-CE7D-47D5-B5C9-7E47968845E7}.Debug|Any CPU.Build.0 = Debug|Any CPU
		{EB45F4E4-CE7D-47D5-B5C9-7E47968845E7}.Release|Any CPU.ActiveCfg = Release|Any CPU
		{EB45F4E4-CE7D-47D5-B5C9-7E47968845E7}.Release|Any CPU.Build.0 = Release|Any CPU
		{F6FD19AC-1D52-4824-B98B-1B2C3386E423}.Debug|Any CPU.ActiveCfg = Debug|Any CPU
		{F6FD19AC-1D52-4824-B98B-1B2C3386E423}.Debug|Any CPU.Build.0 = Debug|Any CPU
		{F6FD19AC-1D52-4824-B98B-1B2C3386E423}.Release|Any CPU.ActiveCfg = Release|Any CPU
		{F6FD19AC-1D52-4824-B98B-1B2C3386E423}.Release|Any CPU.Build.0 = Release|Any CPU
		{06325ED2-E593-4DE6-B33A-7278341DDE2A}.Debug|Any CPU.ActiveCfg = Debug|Any CPU
		{06325ED2-E593-4DE6-B33A-7278341DDE2A}.Debug|Any CPU.Build.0 = Debug|Any CPU
		{06325ED2-E593-4DE6-B33A-7278341DDE2A}.Release|Any CPU.ActiveCfg = Release|Any CPU
		{06325ED2-E593-4DE6-B33A-7278341DDE2A}.Release|Any CPU.Build.0 = Release|Any CPU
		{98E1C380-91E7-4839-94B8-187B6E9A471C}.Debug|Any CPU.ActiveCfg = Debug|Any CPU
		{98E1C380-91E7-4839-94B8-187B6E9A471C}.Debug|Any CPU.Build.0 = Debug|Any CPU
		{98E1C380-91E7-4839-94B8-187B6E9A471C}.Release|Any CPU.ActiveCfg = Release|Any CPU
		{98E1C380-91E7-4839-94B8-187B6E9A471C}.Release|Any CPU.Build.0 = Release|Any CPU
		{725154BE-BF41-4458-8450-3F57308399F3}.Debug|Any CPU.ActiveCfg = Debug|Any CPU
		{725154BE-BF41-4458-8450-3F57308399F3}.Debug|Any CPU.Build.0 = Debug|Any CPU
		{725154BE-BF41-4458-8450-3F57308399F3}.Release|Any CPU.ActiveCfg = Release|Any CPU
		{725154BE-BF41-4458-8450-3F57308399F3}.Release|Any CPU.Build.0 = Release|Any CPU
		{87A010C3-E717-4442-8660-7C6F64545160}.Debug|Any CPU.ActiveCfg = Debug|Any CPU
		{87A010C3-E717-4442-8660-7C6F64545160}.Debug|Any CPU.Build.0 = Debug|Any CPU
		{87A010C3-E717-4442-8660-7C6F64545160}.Release|Any CPU.ActiveCfg = Release|Any CPU
		{87A010C3-E717-4442-8660-7C6F64545160}.Release|Any CPU.Build.0 = Release|Any CPU
		{4F9CD756-F416-4B08-8D69-808B51C805CA}.Debug|Any CPU.ActiveCfg = Debug|Any CPU
		{4F9CD756-F416-4B08-8D69-808B51C805CA}.Debug|Any CPU.Build.0 = Debug|Any CPU
		{4F9CD756-F416-4B08-8D69-808B51C805CA}.Release|Any CPU.ActiveCfg = Release|Any CPU
		{4F9CD756-F416-4B08-8D69-808B51C805CA}.Release|Any CPU.Build.0 = Release|Any CPU
		{BDEA3773-7C7F-41B1-9777-C790272579B5}.Debug|Any CPU.ActiveCfg = Debug|Any CPU
		{BDEA3773-7C7F-41B1-9777-C790272579B5}.Debug|Any CPU.Build.0 = Debug|Any CPU
		{BDEA3773-7C7F-41B1-9777-C790272579B5}.Release|Any CPU.ActiveCfg = Release|Any CPU
		{BDEA3773-7C7F-41B1-9777-C790272579B5}.Release|Any CPU.Build.0 = Release|Any CPU
		{63D1AA7A-EBD2-4978-B5F0-14EACB9F9276}.Debug|Any CPU.ActiveCfg = Debug|Any CPU
		{63D1AA7A-EBD2-4978-B5F0-14EACB9F9276}.Debug|Any CPU.Build.0 = Debug|Any CPU
		{63D1AA7A-EBD2-4978-B5F0-14EACB9F9276}.Release|Any CPU.ActiveCfg = Release|Any CPU
		{63D1AA7A-EBD2-4978-B5F0-14EACB9F9276}.Release|Any CPU.Build.0 = Release|Any CPU
		{B2BD9382-34FB-404D-A10D-E28A8BA5AD41}.Debug|Any CPU.ActiveCfg = Debug|Any CPU
		{B2BD9382-34FB-404D-A10D-E28A8BA5AD41}.Debug|Any CPU.Build.0 = Debug|Any CPU
		{B2BD9382-34FB-404D-A10D-E28A8BA5AD41}.Release|Any CPU.ActiveCfg = Release|Any CPU
		{B2BD9382-34FB-404D-A10D-E28A8BA5AD41}.Release|Any CPU.Build.0 = Release|Any CPU
		{06C28B50-635E-4C22-A8B8-7D7636D323AD}.Debug|Any CPU.ActiveCfg = Debug|Any CPU
		{06C28B50-635E-4C22-A8B8-7D7636D323AD}.Debug|Any CPU.Build.0 = Debug|Any CPU
		{06C28B50-635E-4C22-A8B8-7D7636D323AD}.Release|Any CPU.ActiveCfg = Release|Any CPU
		{06C28B50-635E-4C22-A8B8-7D7636D323AD}.Release|Any CPU.Build.0 = Release|Any CPU
		{FCB3C2A9-F436-43F5-96BD-F9EF8B4B6386}.Debug|Any CPU.ActiveCfg = Debug|Any CPU
		{FCB3C2A9-F436-43F5-96BD-F9EF8B4B6386}.Debug|Any CPU.Build.0 = Debug|Any CPU
		{FCB3C2A9-F436-43F5-96BD-F9EF8B4B6386}.Release|Any CPU.ActiveCfg = Release|Any CPU
		{FCB3C2A9-F436-43F5-96BD-F9EF8B4B6386}.Release|Any CPU.Build.0 = Release|Any CPU
		{055595C1-E655-40B3-938D-DF45A3E383FC}.Debug|Any CPU.ActiveCfg = Debug|Any CPU
		{055595C1-E655-40B3-938D-DF45A3E383FC}.Debug|Any CPU.Build.0 = Debug|Any CPU
		{055595C1-E655-40B3-938D-DF45A3E383FC}.Release|Any CPU.ActiveCfg = Release|Any CPU
		{055595C1-E655-40B3-938D-DF45A3E383FC}.Release|Any CPU.Build.0 = Release|Any CPU
		{27AE57A4-6B64-4FC2-93AC-DD237E9B1ED0}.Debug|Any CPU.ActiveCfg = Debug|Any CPU
		{27AE57A4-6B64-4FC2-93AC-DD237E9B1ED0}.Debug|Any CPU.Build.0 = Debug|Any CPU
		{27AE57A4-6B64-4FC2-93AC-DD237E9B1ED0}.Release|Any CPU.ActiveCfg = Release|Any CPU
		{27AE57A4-6B64-4FC2-93AC-DD237E9B1ED0}.Release|Any CPU.Build.0 = Release|Any CPU
		{12855522-6836-4864-9365-7B821BF3A802}.Debug|Any CPU.ActiveCfg = Debug|Any CPU
		{12855522-6836-4864-9365-7B821BF3A802}.Debug|Any CPU.Build.0 = Debug|Any CPU
		{12855522-6836-4864-9365-7B821BF3A802}.Release|Any CPU.ActiveCfg = Release|Any CPU
		{12855522-6836-4864-9365-7B821BF3A802}.Release|Any CPU.Build.0 = Release|Any CPU
		{79521A0D-D3CB-4F75-B8FE-63C9A6CAB6EF}.Debug|Any CPU.ActiveCfg = Debug|Any CPU
		{79521A0D-D3CB-4F75-B8FE-63C9A6CAB6EF}.Debug|Any CPU.Build.0 = Debug|Any CPU
		{79521A0D-D3CB-4F75-B8FE-63C9A6CAB6EF}.Release|Any CPU.ActiveCfg = Release|Any CPU
		{79521A0D-D3CB-4F75-B8FE-63C9A6CAB6EF}.Release|Any CPU.Build.0 = Release|Any CPU
		{8B29E95B-C97A-46F2-BF76-F59D06D0B27D}.Debug|Any CPU.ActiveCfg = Debug|Any CPU
		{8B29E95B-C97A-46F2-BF76-F59D06D0B27D}.Debug|Any CPU.Build.0 = Debug|Any CPU
		{8B29E95B-C97A-46F2-BF76-F59D06D0B27D}.Release|Any CPU.ActiveCfg = Release|Any CPU
		{8B29E95B-C97A-46F2-BF76-F59D06D0B27D}.Release|Any CPU.Build.0 = Release|Any CPU
		{BD7A127F-A393-44F1-A314-01DDB8279890}.Debug|Any CPU.ActiveCfg = Debug|Any CPU
		{BD7A127F-A393-44F1-A314-01DDB8279890}.Debug|Any CPU.Build.0 = Debug|Any CPU
		{BD7A127F-A393-44F1-A314-01DDB8279890}.Release|Any CPU.ActiveCfg = Release|Any CPU
		{BD7A127F-A393-44F1-A314-01DDB8279890}.Release|Any CPU.Build.0 = Release|Any CPU
		{C874169D-089B-4B65-B371-2AC980B8AB6E}.Debug|Any CPU.ActiveCfg = Debug|Any CPU
		{C874169D-089B-4B65-B371-2AC980B8AB6E}.Debug|Any CPU.Build.0 = Debug|Any CPU
		{C874169D-089B-4B65-B371-2AC980B8AB6E}.Release|Any CPU.ActiveCfg = Release|Any CPU
		{C874169D-089B-4B65-B371-2AC980B8AB6E}.Release|Any CPU.Build.0 = Release|Any CPU
		{F5B232A7-B210-4249-B02D-BE791875872D}.Debug|Any CPU.ActiveCfg = Debug|Any CPU
		{F5B232A7-B210-4249-B02D-BE791875872D}.Debug|Any CPU.Build.0 = Debug|Any CPU
		{F5B232A7-B210-4249-B02D-BE791875872D}.Release|Any CPU.ActiveCfg = Release|Any CPU
		{F5B232A7-B210-4249-B02D-BE791875872D}.Release|Any CPU.Build.0 = Release|Any CPU
		{9A21FC05-086F-4380-8863-47F45B01621F}.Debug|Any CPU.ActiveCfg = Debug|Any CPU
		{9A21FC05-086F-4380-8863-47F45B01621F}.Debug|Any CPU.Build.0 = Debug|Any CPU
		{9A21FC05-086F-4380-8863-47F45B01621F}.Release|Any CPU.ActiveCfg = Release|Any CPU
		{9A21FC05-086F-4380-8863-47F45B01621F}.Release|Any CPU.Build.0 = Release|Any CPU
		{B04E00BC-A97A-4121-8A90-3DA13C29416C}.Debug|Any CPU.ActiveCfg = Debug|Any CPU
		{B04E00BC-A97A-4121-8A90-3DA13C29416C}.Debug|Any CPU.Build.0 = Debug|Any CPU
		{B04E00BC-A97A-4121-8A90-3DA13C29416C}.Release|Any CPU.ActiveCfg = Release|Any CPU
		{B04E00BC-A97A-4121-8A90-3DA13C29416C}.Release|Any CPU.Build.0 = Release|Any CPU
		{9474DDDA-4ECB-4E0F-AA4D-A5552023069D}.Debug|Any CPU.ActiveCfg = Debug|Any CPU
		{9474DDDA-4ECB-4E0F-AA4D-A5552023069D}.Debug|Any CPU.Build.0 = Debug|Any CPU
		{9474DDDA-4ECB-4E0F-AA4D-A5552023069D}.Release|Any CPU.ActiveCfg = Release|Any CPU
		{9474DDDA-4ECB-4E0F-AA4D-A5552023069D}.Release|Any CPU.Build.0 = Release|Any CPU
		{01EFE467-CFD7-43D0-8333-CDF58444EDD5}.Debug|Any CPU.ActiveCfg = Debug|Any CPU
		{01EFE467-CFD7-43D0-8333-CDF58444EDD5}.Debug|Any CPU.Build.0 = Debug|Any CPU
		{01EFE467-CFD7-43D0-8333-CDF58444EDD5}.Release|Any CPU.ActiveCfg = Release|Any CPU
		{01EFE467-CFD7-43D0-8333-CDF58444EDD5}.Release|Any CPU.Build.0 = Release|Any CPU
		{9C8C7FA0-27D5-4C3C-A6A2-F22C38A14B46}.Debug|Any CPU.ActiveCfg = Debug|Any CPU
		{9C8C7FA0-27D5-4C3C-A6A2-F22C38A14B46}.Debug|Any CPU.Build.0 = Debug|Any CPU
		{9C8C7FA0-27D5-4C3C-A6A2-F22C38A14B46}.Release|Any CPU.ActiveCfg = Release|Any CPU
		{9C8C7FA0-27D5-4C3C-A6A2-F22C38A14B46}.Release|Any CPU.Build.0 = Release|Any CPU
		{A0DC9BF7-F33D-4484-9740-B3DDF4EA24E4}.Debug|Any CPU.ActiveCfg = Debug|Any CPU
		{A0DC9BF7-F33D-4484-9740-B3DDF4EA24E4}.Debug|Any CPU.Build.0 = Debug|Any CPU
		{A0DC9BF7-F33D-4484-9740-B3DDF4EA24E4}.Release|Any CPU.ActiveCfg = Release|Any CPU
		{A0DC9BF7-F33D-4484-9740-B3DDF4EA24E4}.Release|Any CPU.Build.0 = Release|Any CPU
		{F4233D38-67DC-49AD-AA5B-F7C8FE1225EB}.Debug|Any CPU.ActiveCfg = Debug|Any CPU
		{F4233D38-67DC-49AD-AA5B-F7C8FE1225EB}.Debug|Any CPU.Build.0 = Debug|Any CPU
		{F4233D38-67DC-49AD-AA5B-F7C8FE1225EB}.Release|Any CPU.ActiveCfg = Release|Any CPU
		{F4233D38-67DC-49AD-AA5B-F7C8FE1225EB}.Release|Any CPU.Build.0 = Release|Any CPU
		{794CE1F1-2C87-4134-9F92-714CBB24C6BC}.Debug|Any CPU.ActiveCfg = Debug|Any CPU
		{794CE1F1-2C87-4134-9F92-714CBB24C6BC}.Debug|Any CPU.Build.0 = Debug|Any CPU
		{794CE1F1-2C87-4134-9F92-714CBB24C6BC}.Release|Any CPU.ActiveCfg = Release|Any CPU
		{794CE1F1-2C87-4134-9F92-714CBB24C6BC}.Release|Any CPU.Build.0 = Release|Any CPU
		{F8F08618-23FA-4C6B-A61D-A14BC6A391A1}.Debug|Any CPU.ActiveCfg = Debug|Any CPU
		{F8F08618-23FA-4C6B-A61D-A14BC6A391A1}.Debug|Any CPU.Build.0 = Debug|Any CPU
		{F8F08618-23FA-4C6B-A61D-A14BC6A391A1}.Release|Any CPU.ActiveCfg = Release|Any CPU
		{F8F08618-23FA-4C6B-A61D-A14BC6A391A1}.Release|Any CPU.Build.0 = Release|Any CPU
		{D3EBB9D6-2F3D-4038-AA9E-EBCA170D294F}.Debug|Any CPU.ActiveCfg = Debug|Any CPU
		{D3EBB9D6-2F3D-4038-AA9E-EBCA170D294F}.Debug|Any CPU.Build.0 = Debug|Any CPU
		{D3EBB9D6-2F3D-4038-AA9E-EBCA170D294F}.Release|Any CPU.ActiveCfg = Release|Any CPU
		{D3EBB9D6-2F3D-4038-AA9E-EBCA170D294F}.Release|Any CPU.Build.0 = Release|Any CPU
		{7F1BE25C-965B-4A14-9898-CDE1C1CE433C}.Debug|Any CPU.ActiveCfg = Debug|Any CPU
		{7F1BE25C-965B-4A14-9898-CDE1C1CE433C}.Debug|Any CPU.Build.0 = Debug|Any CPU
		{7F1BE25C-965B-4A14-9898-CDE1C1CE433C}.Release|Any CPU.ActiveCfg = Release|Any CPU
		{7F1BE25C-965B-4A14-9898-CDE1C1CE433C}.Release|Any CPU.Build.0 = Release|Any CPU
		{EB895721-9FC8-4AC6-86BC-F945D5E58A95}.Debug|Any CPU.ActiveCfg = Debug|Any CPU
		{EB895721-9FC8-4AC6-86BC-F945D5E58A95}.Debug|Any CPU.Build.0 = Debug|Any CPU
		{EB895721-9FC8-4AC6-86BC-F945D5E58A95}.Release|Any CPU.ActiveCfg = Release|Any CPU
		{EB895721-9FC8-4AC6-86BC-F945D5E58A95}.Release|Any CPU.Build.0 = Release|Any CPU
		{4EC9A943-0B97-4E84-B2DE-63973FA10C6C}.Debug|Any CPU.ActiveCfg = Debug|Any CPU
		{4EC9A943-0B97-4E84-B2DE-63973FA10C6C}.Debug|Any CPU.Build.0 = Debug|Any CPU
		{4EC9A943-0B97-4E84-B2DE-63973FA10C6C}.Release|Any CPU.ActiveCfg = Release|Any CPU
		{4EC9A943-0B97-4E84-B2DE-63973FA10C6C}.Release|Any CPU.Build.0 = Release|Any CPU
		{FA4CCCEF-9D4A-4A90-BE1D-B2BBAFFEA53F}.Debug|Any CPU.ActiveCfg = Debug|Any CPU
		{FA4CCCEF-9D4A-4A90-BE1D-B2BBAFFEA53F}.Debug|Any CPU.Build.0 = Debug|Any CPU
		{FA4CCCEF-9D4A-4A90-BE1D-B2BBAFFEA53F}.Release|Any CPU.ActiveCfg = Release|Any CPU
		{FA4CCCEF-9D4A-4A90-BE1D-B2BBAFFEA53F}.Release|Any CPU.Build.0 = Release|Any CPU
		{9367D08C-2996-459C-B085-41C8BACD7BDA}.Debug|Any CPU.ActiveCfg = Debug|Any CPU
		{9367D08C-2996-459C-B085-41C8BACD7BDA}.Debug|Any CPU.Build.0 = Debug|Any CPU
		{9367D08C-2996-459C-B085-41C8BACD7BDA}.Release|Any CPU.ActiveCfg = Release|Any CPU
		{9367D08C-2996-459C-B085-41C8BACD7BDA}.Release|Any CPU.Build.0 = Release|Any CPU
		{F213ACC5-D2DA-4732-8E43-5E5806091702}.Debug|Any CPU.ActiveCfg = Debug|Any CPU
		{F213ACC5-D2DA-4732-8E43-5E5806091702}.Debug|Any CPU.Build.0 = Debug|Any CPU
		{F213ACC5-D2DA-4732-8E43-5E5806091702}.Release|Any CPU.ActiveCfg = Release|Any CPU
		{F213ACC5-D2DA-4732-8E43-5E5806091702}.Release|Any CPU.Build.0 = Release|Any CPU
		{E1DE33E8-710C-4564-A0E2-0F4B589BE584}.Debug|Any CPU.ActiveCfg = Debug|Any CPU
		{E1DE33E8-710C-4564-A0E2-0F4B589BE584}.Debug|Any CPU.Build.0 = Debug|Any CPU
		{E1DE33E8-710C-4564-A0E2-0F4B589BE584}.Release|Any CPU.ActiveCfg = Release|Any CPU
		{E1DE33E8-710C-4564-A0E2-0F4B589BE584}.Release|Any CPU.Build.0 = Release|Any CPU
		{F7B6B0BE-B089-4FD3-88D8-1513752DC938}.Debug|Any CPU.ActiveCfg = Debug|Any CPU
		{F7B6B0BE-B089-4FD3-88D8-1513752DC938}.Debug|Any CPU.Build.0 = Debug|Any CPU
		{F7B6B0BE-B089-4FD3-88D8-1513752DC938}.Release|Any CPU.ActiveCfg = Release|Any CPU
		{F7B6B0BE-B089-4FD3-88D8-1513752DC938}.Release|Any CPU.Build.0 = Release|Any CPU
		{AEE6645A-1D62-47A2-A6E2-108F562EDDD5}.Debug|Any CPU.ActiveCfg = Debug|Any CPU
		{AEE6645A-1D62-47A2-A6E2-108F562EDDD5}.Debug|Any CPU.Build.0 = Debug|Any CPU
		{AEE6645A-1D62-47A2-A6E2-108F562EDDD5}.Release|Any CPU.ActiveCfg = Release|Any CPU
		{AEE6645A-1D62-47A2-A6E2-108F562EDDD5}.Release|Any CPU.Build.0 = Release|Any CPU
		{2D28B32A-E614-47EA-86C0-E10DB6B6A160}.Debug|Any CPU.ActiveCfg = Debug|Any CPU
		{2D28B32A-E614-47EA-86C0-E10DB6B6A160}.Debug|Any CPU.Build.0 = Debug|Any CPU
		{2D28B32A-E614-47EA-86C0-E10DB6B6A160}.Release|Any CPU.ActiveCfg = Release|Any CPU
		{2D28B32A-E614-47EA-86C0-E10DB6B6A160}.Release|Any CPU.Build.0 = Release|Any CPU
		{66DD004E-8269-4824-A82F-8762734A9DF9}.Debug|Any CPU.ActiveCfg = Debug|Any CPU
		{66DD004E-8269-4824-A82F-8762734A9DF9}.Debug|Any CPU.Build.0 = Debug|Any CPU
		{66DD004E-8269-4824-A82F-8762734A9DF9}.Release|Any CPU.ActiveCfg = Release|Any CPU
		{66DD004E-8269-4824-A82F-8762734A9DF9}.Release|Any CPU.Build.0 = Release|Any CPU
		{60A5317B-0023-4432-8E37-B1BB5DAFBB89}.Debug|Any CPU.ActiveCfg = Debug|Any CPU
		{60A5317B-0023-4432-8E37-B1BB5DAFBB89}.Debug|Any CPU.Build.0 = Debug|Any CPU
		{60A5317B-0023-4432-8E37-B1BB5DAFBB89}.Release|Any CPU.ActiveCfg = Release|Any CPU
		{60A5317B-0023-4432-8E37-B1BB5DAFBB89}.Release|Any CPU.Build.0 = Release|Any CPU
		{12D9893E-9FCF-4459-B622-5E7A2B019BB2}.Debug|Any CPU.ActiveCfg = Debug|Any CPU
		{12D9893E-9FCF-4459-B622-5E7A2B019BB2}.Debug|Any CPU.Build.0 = Debug|Any CPU
		{12D9893E-9FCF-4459-B622-5E7A2B019BB2}.Release|Any CPU.ActiveCfg = Release|Any CPU
		{12D9893E-9FCF-4459-B622-5E7A2B019BB2}.Release|Any CPU.Build.0 = Release|Any CPU
		{2172C21D-F7A4-4AD6-9366-3772F33977DF}.Debug|Any CPU.ActiveCfg = Debug|Any CPU
		{2172C21D-F7A4-4AD6-9366-3772F33977DF}.Debug|Any CPU.Build.0 = Debug|Any CPU
		{2172C21D-F7A4-4AD6-9366-3772F33977DF}.Release|Any CPU.ActiveCfg = Release|Any CPU
		{2172C21D-F7A4-4AD6-9366-3772F33977DF}.Release|Any CPU.Build.0 = Release|Any CPU
		{70AEAACD-84D7-441E-80BE-6E2EFC34B3CB}.Debug|Any CPU.ActiveCfg = Debug|Any CPU
		{70AEAACD-84D7-441E-80BE-6E2EFC34B3CB}.Debug|Any CPU.Build.0 = Debug|Any CPU
		{70AEAACD-84D7-441E-80BE-6E2EFC34B3CB}.Release|Any CPU.ActiveCfg = Release|Any CPU
		{70AEAACD-84D7-441E-80BE-6E2EFC34B3CB}.Release|Any CPU.Build.0 = Release|Any CPU
		{3467E458-4EFC-4673-9A71-A9A8D630DC9E}.Debug|Any CPU.ActiveCfg = Debug|Any CPU
		{3467E458-4EFC-4673-9A71-A9A8D630DC9E}.Debug|Any CPU.Build.0 = Debug|Any CPU
		{3467E458-4EFC-4673-9A71-A9A8D630DC9E}.Release|Any CPU.ActiveCfg = Release|Any CPU
		{3467E458-4EFC-4673-9A71-A9A8D630DC9E}.Release|Any CPU.Build.0 = Release|Any CPU
		{EEA6A624-C2A7-488C-BBBA-60FFE785CC5C}.Debug|Any CPU.ActiveCfg = Debug|Any CPU
		{EEA6A624-C2A7-488C-BBBA-60FFE785CC5C}.Debug|Any CPU.Build.0 = Debug|Any CPU
		{EEA6A624-C2A7-488C-BBBA-60FFE785CC5C}.Release|Any CPU.ActiveCfg = Release|Any CPU
		{EEA6A624-C2A7-488C-BBBA-60FFE785CC5C}.Release|Any CPU.Build.0 = Release|Any CPU
		{F127B60F-BD4E-4B81-9DA2-2819959030C3}.Debug|Any CPU.ActiveCfg = Debug|Any CPU
		{F127B60F-BD4E-4B81-9DA2-2819959030C3}.Debug|Any CPU.Build.0 = Debug|Any CPU
		{F127B60F-BD4E-4B81-9DA2-2819959030C3}.Release|Any CPU.ActiveCfg = Release|Any CPU
		{F127B60F-BD4E-4B81-9DA2-2819959030C3}.Release|Any CPU.Build.0 = Release|Any CPU
		{332BE68C-26C6-4BE3-9105-F44584B52158}.Debug|Any CPU.ActiveCfg = Debug|Any CPU
		{332BE68C-26C6-4BE3-9105-F44584B52158}.Debug|Any CPU.Build.0 = Debug|Any CPU
		{332BE68C-26C6-4BE3-9105-F44584B52158}.Release|Any CPU.ActiveCfg = Release|Any CPU
		{332BE68C-26C6-4BE3-9105-F44584B52158}.Release|Any CPU.Build.0 = Release|Any CPU
		{58632F34-6AB4-4DBD-BE90-7D5306C95ABF}.Debug|Any CPU.ActiveCfg = Debug|Any CPU
		{58632F34-6AB4-4DBD-BE90-7D5306C95ABF}.Debug|Any CPU.Build.0 = Debug|Any CPU
		{58632F34-6AB4-4DBD-BE90-7D5306C95ABF}.Release|Any CPU.ActiveCfg = Release|Any CPU
		{58632F34-6AB4-4DBD-BE90-7D5306C95ABF}.Release|Any CPU.Build.0 = Release|Any CPU
		{3A3F16EE-B45A-4048-A897-4DBA6D8B285F}.Debug|Any CPU.ActiveCfg = Debug|Any CPU
		{3A3F16EE-B45A-4048-A897-4DBA6D8B285F}.Debug|Any CPU.Build.0 = Debug|Any CPU
		{3A3F16EE-B45A-4048-A897-4DBA6D8B285F}.Release|Any CPU.ActiveCfg = Release|Any CPU
		{3A3F16EE-B45A-4048-A897-4DBA6D8B285F}.Release|Any CPU.Build.0 = Release|Any CPU
		{10831B31-C5F6-44CE-A0BE-C05499ABD308}.Debug|Any CPU.ActiveCfg = Debug|Any CPU
		{10831B31-C5F6-44CE-A0BE-C05499ABD308}.Debug|Any CPU.Build.0 = Debug|Any CPU
		{10831B31-C5F6-44CE-A0BE-C05499ABD308}.Release|Any CPU.ActiveCfg = Release|Any CPU
		{10831B31-C5F6-44CE-A0BE-C05499ABD308}.Release|Any CPU.Build.0 = Release|Any CPU
		{644399AE-ADE7-45CF-8537-D20B62DE26BF}.Debug|Any CPU.ActiveCfg = Debug|Any CPU
		{644399AE-ADE7-45CF-8537-D20B62DE26BF}.Debug|Any CPU.Build.0 = Debug|Any CPU
		{644399AE-ADE7-45CF-8537-D20B62DE26BF}.Release|Any CPU.ActiveCfg = Release|Any CPU
		{644399AE-ADE7-45CF-8537-D20B62DE26BF}.Release|Any CPU.Build.0 = Release|Any CPU
		{40C1AFFE-7E65-4871-AB8B-E1A60FB4AAD4}.Debug|Any CPU.ActiveCfg = Debug|Any CPU
		{40C1AFFE-7E65-4871-AB8B-E1A60FB4AAD4}.Debug|Any CPU.Build.0 = Debug|Any CPU
		{40C1AFFE-7E65-4871-AB8B-E1A60FB4AAD4}.Release|Any CPU.ActiveCfg = Release|Any CPU
		{40C1AFFE-7E65-4871-AB8B-E1A60FB4AAD4}.Release|Any CPU.Build.0 = Release|Any CPU
		{54D2F20A-11EB-42EA-9151-3EB76CEF048D}.Debug|Any CPU.ActiveCfg = Debug|Any CPU
		{54D2F20A-11EB-42EA-9151-3EB76CEF048D}.Debug|Any CPU.Build.0 = Debug|Any CPU
		{54D2F20A-11EB-42EA-9151-3EB76CEF048D}.Release|Any CPU.ActiveCfg = Release|Any CPU
		{54D2F20A-11EB-42EA-9151-3EB76CEF048D}.Release|Any CPU.Build.0 = Release|Any CPU
		{BEE4C332-D6DA-44C5-B6D7-159CBBD591E1}.Debug|Any CPU.ActiveCfg = Debug|Any CPU
		{BEE4C332-D6DA-44C5-B6D7-159CBBD591E1}.Debug|Any CPU.Build.0 = Debug|Any CPU
		{BEE4C332-D6DA-44C5-B6D7-159CBBD591E1}.Release|Any CPU.ActiveCfg = Release|Any CPU
		{BEE4C332-D6DA-44C5-B6D7-159CBBD591E1}.Release|Any CPU.Build.0 = Release|Any CPU
		{ADC115C7-9D76-4C9C-BBBD-A4F6E966651D}.Debug|Any CPU.ActiveCfg = Debug|Any CPU
		{ADC115C7-9D76-4C9C-BBBD-A4F6E966651D}.Debug|Any CPU.Build.0 = Debug|Any CPU
		{ADC115C7-9D76-4C9C-BBBD-A4F6E966651D}.Release|Any CPU.ActiveCfg = Release|Any CPU
		{ADC115C7-9D76-4C9C-BBBD-A4F6E966651D}.Release|Any CPU.Build.0 = Release|Any CPU
		{5FB829C6-4EC7-4F4E-ABE6-5C67A8911C4F}.Debug|Any CPU.ActiveCfg = Debug|Any CPU
		{5FB829C6-4EC7-4F4E-ABE6-5C67A8911C4F}.Debug|Any CPU.Build.0 = Debug|Any CPU
		{5FB829C6-4EC7-4F4E-ABE6-5C67A8911C4F}.Release|Any CPU.ActiveCfg = Release|Any CPU
		{5FB829C6-4EC7-4F4E-ABE6-5C67A8911C4F}.Release|Any CPU.Build.0 = Release|Any CPU
		{811315E7-395C-4F92-966D-4FC6A7D0EF23}.Debug|Any CPU.ActiveCfg = Debug|Any CPU
		{811315E7-395C-4F92-966D-4FC6A7D0EF23}.Debug|Any CPU.Build.0 = Debug|Any CPU
		{811315E7-395C-4F92-966D-4FC6A7D0EF23}.Release|Any CPU.ActiveCfg = Release|Any CPU
		{811315E7-395C-4F92-966D-4FC6A7D0EF23}.Release|Any CPU.Build.0 = Release|Any CPU
	EndGlobalSection
	GlobalSection(SolutionProperties) = preSolution
		HideSolutionNode = FALSE
	EndGlobalSection
	GlobalSection(NestedProjects) = preSolution
		{FC73E273-201B-4D8F-BD7A-F0E6C931563A} = {0591C211-7E82-47A2-8F36-62E5DFFBB1DF}
		{845FB6B8-2AE7-422E-B199-CE89DB1EA90B} = {0591C211-7E82-47A2-8F36-62E5DFFBB1DF}
		{346146DA-0D06-4202-B45F-7E2751984056} = {CA68116D-F760-4304-9DFF-F9910994FCEB}
		{B9B5EDA7-F3F0-4565-AB14-786D291224C4} = {CA68116D-F760-4304-9DFF-F9910994FCEB}
		{33DB6B28-209C-433E-88DC-7A8407F34457} = {CA68116D-F760-4304-9DFF-F9910994FCEB}
		{51F1BB0A-66ED-47BE-8B81-89C0BEF2A754} = {CA68116D-F760-4304-9DFF-F9910994FCEB}
		{EF5E23DA-2BEF-46A0-9E4F-80054D7B93BF} = {950F80F5-4DF8-40AD-A5AE-4A7455F698AD}
		{A8A13D56-7D21-4096-A30A-E8B02513DFC4} = {950F80F5-4DF8-40AD-A5AE-4A7455F698AD}
		{80DB60C9-CD29-49D8-8921-FA1A3AFAF982} = {2E5522E5-F0E3-4E53-B0C8-4D5EE061CCD2}
		{2A1A571F-2CA2-43A9-BD2D-CB25A4E5234C} = {2E5522E5-F0E3-4E53-B0C8-4D5EE061CCD2}
		{AF2478E6-329F-4A4C-B1F5-B905E1ED1089} = {2E5522E5-F0E3-4E53-B0C8-4D5EE061CCD2}
		{EB45F4E4-CE7D-47D5-B5C9-7E47968845E7} = {2E5522E5-F0E3-4E53-B0C8-4D5EE061CCD2}
		{F6FD19AC-1D52-4824-B98B-1B2C3386E423} = {BF9BABEB-80B6-4ABC-8CDF-838C72EA5A3C}
		{06325ED2-E593-4DE6-B33A-7278341DDE2A} = {D4966565-8570-4E49-A7AA-C44091CBAE91}
		{98E1C380-91E7-4839-94B8-187B6E9A471C} = {D4966565-8570-4E49-A7AA-C44091CBAE91}
		{725154BE-BF41-4458-8450-3F57308399F3} = {D4966565-8570-4E49-A7AA-C44091CBAE91}
		{87A010C3-E717-4442-8660-7C6F64545160} = {D4966565-8570-4E49-A7AA-C44091CBAE91}
		{4F9CD756-F416-4B08-8D69-808B51C805CA} = {645EDE6B-1D26-4AD6-A8A9-923E22ECF7FE}
		{BDEA3773-7C7F-41B1-9777-C790272579B5} = {645EDE6B-1D26-4AD6-A8A9-923E22ECF7FE}
		{63D1AA7A-EBD2-4978-B5F0-14EACB9F9276} = {907286F2-A53E-4056-8586-F2046834E187}
		{B2BD9382-34FB-404D-A10D-E28A8BA5AD41} = {907286F2-A53E-4056-8586-F2046834E187}
		{06C28B50-635E-4C22-A8B8-7D7636D323AD} = {907286F2-A53E-4056-8586-F2046834E187}
		{FCB3C2A9-F436-43F5-96BD-F9EF8B4B6386} = {1C2B0437-3F0E-4911-8B8B-B529CB0BA86E}
		{055595C1-E655-40B3-938D-DF45A3E383FC} = {1C2B0437-3F0E-4911-8B8B-B529CB0BA86E}
		{27AE57A4-6B64-4FC2-93AC-DD237E9B1ED0} = {1C2B0437-3F0E-4911-8B8B-B529CB0BA86E}
		{12855522-6836-4864-9365-7B821BF3A802} = {31E15D19-2E34-4B23-BB9D-6EB3A80A19C7}
		{79521A0D-D3CB-4F75-B8FE-63C9A6CAB6EF} = {31E15D19-2E34-4B23-BB9D-6EB3A80A19C7}
		{8B29E95B-C97A-46F2-BF76-F59D06D0B27D} = {31E15D19-2E34-4B23-BB9D-6EB3A80A19C7}
		{BD7A127F-A393-44F1-A314-01DDB8279890} = {9A72A565-3512-476E-B46A-0EC3567D8FB6}
		{C874169D-089B-4B65-B371-2AC980B8AB6E} = {9A72A565-3512-476E-B46A-0EC3567D8FB6}
		{F5B232A7-B210-4249-B02D-BE791875872D} = {4EC68576-348E-47BF-B52E-BBFFD438B85E}
		{9A21FC05-086F-4380-8863-47F45B01621F} = {4EC68576-348E-47BF-B52E-BBFFD438B85E}
		{B04E00BC-A97A-4121-8A90-3DA13C29416C} = {4EC68576-348E-47BF-B52E-BBFFD438B85E}
		{9474DDDA-4ECB-4E0F-AA4D-A5552023069D} = {4EC68576-348E-47BF-B52E-BBFFD438B85E}
		{01EFE467-CFD7-43D0-8333-CDF58444EDD5} = {4EC68576-348E-47BF-B52E-BBFFD438B85E}
		{9C8C7FA0-27D5-4C3C-A6A2-F22C38A14B46} = {4EC68576-348E-47BF-B52E-BBFFD438B85E}
		{A0DC9BF7-F33D-4484-9740-B3DDF4EA24E4} = {A364474A-4EBA-4310-80E8-3029CD0A88F0}
		{F4233D38-67DC-49AD-AA5B-F7C8FE1225EB} = {4EC68576-348E-47BF-B52E-BBFFD438B85E}
		{794CE1F1-2C87-4134-9F92-714CBB24C6BC} = {4EC68576-348E-47BF-B52E-BBFFD438B85E}
		{F8F08618-23FA-4C6B-A61D-A14BC6A391A1} = {3F13213B-2567-4BE6-B690-523F6200C3DB}
		{D3EBB9D6-2F3D-4038-AA9E-EBCA170D294F} = {3F13213B-2567-4BE6-B690-523F6200C3DB}
		{7F1BE25C-965B-4A14-9898-CDE1C1CE433C} = {3F13213B-2567-4BE6-B690-523F6200C3DB}
		{EB895721-9FC8-4AC6-86BC-F945D5E58A95} = {3F13213B-2567-4BE6-B690-523F6200C3DB}
		{4EC9A943-0B97-4E84-B2DE-63973FA10C6C} = {4EC68576-348E-47BF-B52E-BBFFD438B85E}
		{FA4CCCEF-9D4A-4A90-BE1D-B2BBAFFEA53F} = {3F13213B-2567-4BE6-B690-523F6200C3DB}
		{9367D08C-2996-459C-B085-41C8BACD7BDA} = {3F13213B-2567-4BE6-B690-523F6200C3DB}
		{F213ACC5-D2DA-4732-8E43-5E5806091702} = {EE74264B-281B-4CBE-B178-A29122BFDF0D}
		{E1DE33E8-710C-4564-A0E2-0F4B589BE584} = {EE74264B-281B-4CBE-B178-A29122BFDF0D}
		{F7B6B0BE-B089-4FD3-88D8-1513752DC938} = {EE74264B-281B-4CBE-B178-A29122BFDF0D}
		{AEE6645A-1D62-47A2-A6E2-108F562EDDD5} = {4EC68576-348E-47BF-B52E-BBFFD438B85E}
		{2D28B32A-E614-47EA-86C0-E10DB6B6A160} = {A1852D7B-B1B0-4202-B132-B1F5B28D301C}
		{66DD004E-8269-4824-A82F-8762734A9DF9} = {A1852D7B-B1B0-4202-B132-B1F5B28D301C}
		{60A5317B-0023-4432-8E37-B1BB5DAFBB89} = {A1852D7B-B1B0-4202-B132-B1F5B28D301C}
		{12D9893E-9FCF-4459-B622-5E7A2B019BB2} = {A1852D7B-B1B0-4202-B132-B1F5B28D301C}
		{2172C21D-F7A4-4AD6-9366-3772F33977DF} = {7BF1F5E4-EE76-428A-983D-4B5A971C9AE6}
		{70AEAACD-84D7-441E-80BE-6E2EFC34B3CB} = {7BF1F5E4-EE76-428A-983D-4B5A971C9AE6}
		{3467E458-4EFC-4673-9A71-A9A8D630DC9E} = {7BF1F5E4-EE76-428A-983D-4B5A971C9AE6}
		{EEA6A624-C2A7-488C-BBBA-60FFE785CC5C} = {7BF1F5E4-EE76-428A-983D-4B5A971C9AE6}
		{F127B60F-BD4E-4B81-9DA2-2819959030C3} = {7BF1F5E4-EE76-428A-983D-4B5A971C9AE6}
		{332BE68C-26C6-4BE3-9105-F44584B52158} = {DE6C6D76-7453-4D2D-B268-7DE6BA7EA439}
		{58632F34-6AB4-4DBD-BE90-7D5306C95ABF} = {DE6C6D76-7453-4D2D-B268-7DE6BA7EA439}
		{3A3F16EE-B45A-4048-A897-4DBA6D8B285F} = {BDAB8945-A638-4BFF-B976-E40559C27722}
		{10831B31-C5F6-44CE-A0BE-C05499ABD308} = {BDAB8945-A638-4BFF-B976-E40559C27722}
		{644399AE-ADE7-45CF-8537-D20B62DE26BF} = {BDAB8945-A638-4BFF-B976-E40559C27722}
		{40C1AFFE-7E65-4871-AB8B-E1A60FB4AAD4} = {BDAB8945-A638-4BFF-B976-E40559C27722}
		{54D2F20A-11EB-42EA-9151-3EB76CEF048D} = {E8EA2D16-6A53-48BF-9508-D92087A33CFD}
		{BEE4C332-D6DA-44C5-B6D7-159CBBD591E1} = {56E17ACE-6FD8-4823-8FE2-F67404B55888}
		{ADC115C7-9D76-4C9C-BBBD-A4F6E966651D} = {56E17ACE-6FD8-4823-8FE2-F67404B55888}
		{5FB829C6-4EC7-4F4E-ABE6-5C67A8911C4F} = {89327CCF-0E71-4620-90E1-DBB047667917}
		{811315E7-395C-4F92-966D-4FC6A7D0EF23} = {20238F8C-CCE0-45D6-A635-376867D8BD6C}
	EndGlobalSection
	GlobalSection(ExtensibilityGlobals) = postSolution
		SolutionGuid = {1C7A6E06-119B-446D-99C0-CC5E342A8BD5}
	EndGlobalSection
EndGlobal
